Microsoft Visual Studio Solution File, Format Version 12.00
# Visual Studio Version 17
VisualStudioVersion = 17.5.2.0
MinimumVisualStudioVersion = 10.0.40219.1
Project("{FAE04EC0-301F-11D3-BF4B-00C04F79EFBC}") = "GroceryStoreApp", "GroceryStoreApp.csproj", "{BB5AE96D-93D4-E48F-6C29-E5EF4AB7F606}"
EndProject
Global
	GlobalSection(SolutionConfigurationPlatforms) = preSolution
		Debug|Any CPU = Debug|Any CPU
		Release|Any CPU = Release|Any CPU
	EndGlobalSection
	GlobalSection(ProjectConfigurationPlatforms) = postSolution
		{BB5AE96D-93D4-E48F-6C29-E5EF4AB7F606}.Debug|Any CPU.ActiveCfg = Debug|Any CPU
		{BB5AE96D-93D4-E48F-6C29-E5EF4AB7F606}.Debug|Any CPU.Build.0 = Debug|Any CPU
		{BB5AE96D-93D4-E48F-6C29-E5EF4AB7F606}.Release|Any CPU.ActiveCfg = Release|Any CPU
		{BB5AE96D-93D4-E48F-6C29-E5EF4AB7F606}.Release|Any CPU.Build.0 = Release|Any CPU
	EndGlobalSection
	GlobalSection(SolutionProperties) = preSolution
		HideSolutionNode = FALSE
	EndGlobalSection
	GlobalSection(ExtensibilityGlobals) = postSolution
		SolutionGuid = {70328973-5A65-4286-A6C7-8C8A5A8283AA}
	EndGlobalSection
EndGlobal
